// !$*UTF8*$!
{
	archiveVersion = 1;
	classes = {
	};
	objectVersion = 56;
	objects = {

/* Begin PBXBuildFile section */
		FB04395D28E603030008D04E /* IEPAM_AppApp.swift in Sources */ = {isa = PBXBuildFile; fileRef = FB04395C28E603030008D04E /* IEPAM_AppApp.swift */; };
		FB04395F28E603030008D04E /* ContentView.swift in Sources */ = {isa = PBXBuildFile; fileRef = FB04395E28E603030008D04E /* ContentView.swift */; };
		FB04396128E603080008D04E /* Assets.xcassets in Resources */ = {isa = PBXBuildFile; fileRef = FB04396028E603080008D04E /* Assets.xcassets */; };
		FB04396428E603080008D04E /* Preview Assets.xcassets in Resources */ = {isa = PBXBuildFile; fileRef = FB04396328E603080008D04E /* Preview Assets.xcassets */; };
		FB04396628E603080008D04E /* Persistence.swift in Sources */ = {isa = PBXBuildFile; fileRef = FB04396528E603080008D04E /* Persistence.swift */; };
		FB04396928E603090008D04E /* IEPAM_App.xcdatamodeld in Sources */ = {isa = PBXBuildFile; fileRef = FB04396728E603090008D04E /* IEPAM_App.xcdatamodeld */; };
		FB04397028E606480008D04E /* Registro.swift in Sources */ = {isa = PBXBuildFile; fileRef = FB04396F28E606480008D04E /* Registro.swift */; };
		FB04398028E60A3B0008D04E /* RecoletaAlt-SemiBold.ttf in Resources */ = {isa = PBXBuildFile; fileRef = FB04397228E60A390008D04E /* RecoletaAlt-SemiBold.ttf */; };
		FB04398128E60A3B0008D04E /* RecoletaAlt-Black.ttf in Resources */ = {isa = PBXBuildFile; fileRef = FB04397328E60A390008D04E /* RecoletaAlt-Black.ttf */; };
		FB04398228E60A3B0008D04E /* Recoleta-SemiBold.ttf in Resources */ = {isa = PBXBuildFile; fileRef = FB04397428E60A390008D04E /* Recoleta-SemiBold.ttf */; };
		FB04398328E60A3B0008D04E /* RecoletaAlt-Medium.ttf in Resources */ = {isa = PBXBuildFile; fileRef = FB04397528E60A390008D04E /* RecoletaAlt-Medium.ttf */; };
		FB04398428E60A3B0008D04E /* RecoletaAlt-Thin.ttf in Resources */ = {isa = PBXBuildFile; fileRef = FB04397628E60A3A0008D04E /* RecoletaAlt-Thin.ttf */; };
		FB04398528E60A3B0008D04E /* Recoleta-Bold.ttf in Resources */ = {isa = PBXBuildFile; fileRef = FB04397728E60A3A0008D04E /* Recoleta-Bold.ttf */; };
		FB04398628E60A3B0008D04E /* Recoleta-Thin.ttf in Resources */ = {isa = PBXBuildFile; fileRef = FB04397828E60A3A0008D04E /* Recoleta-Thin.ttf */; };
		FB04398728E60A3B0008D04E /* RecoletaAlt-Regular.ttf in Resources */ = {isa = PBXBuildFile; fileRef = FB04397928E60A3A0008D04E /* RecoletaAlt-Regular.ttf */; };
		FB04398828E60A3B0008D04E /* Recoleta-Medium.ttf in Resources */ = {isa = PBXBuildFile; fileRef = FB04397A28E60A3A0008D04E /* Recoleta-Medium.ttf */; };
		FB04398928E60A3B0008D04E /* RecoletaAlt-Light.ttf in Resources */ = {isa = PBXBuildFile; fileRef = FB04397B28E60A3A0008D04E /* RecoletaAlt-Light.ttf */; };
		FB04398A28E60A3B0008D04E /* RecoletaAlt-Bold.ttf in Resources */ = {isa = PBXBuildFile; fileRef = FB04397C28E60A3B0008D04E /* RecoletaAlt-Bold.ttf */; };
		FB04398B28E60A3B0008D04E /* Recoleta-Regular.ttf in Resources */ = {isa = PBXBuildFile; fileRef = FB04397D28E60A3B0008D04E /* Recoleta-Regular.ttf */; };
		FB04398C28E60A3B0008D04E /* Recoleta-Black.ttf in Resources */ = {isa = PBXBuildFile; fileRef = FB04397E28E60A3B0008D04E /* Recoleta-Black.ttf */; };
		FB04398D28E60A3B0008D04E /* Recoleta-Light.ttf in Resources */ = {isa = PBXBuildFile; fileRef = FB04397F28E60A3B0008D04E /* Recoleta-Light.ttf */; };
		FB04399A28E617760008D04E /* Inter-SemiBold.ttf in Resources */ = {isa = PBXBuildFile; fileRef = FB04399128E617740008D04E /* Inter-SemiBold.ttf */; };
		FB04399B28E617760008D04E /* Inter-Bold.ttf in Resources */ = {isa = PBXBuildFile; fileRef = FB04399228E617740008D04E /* Inter-Bold.ttf */; };
		FB04399C28E617760008D04E /* Inter-Light.ttf in Resources */ = {isa = PBXBuildFile; fileRef = FB04399328E617740008D04E /* Inter-Light.ttf */; };
		FB04399D28E617760008D04E /* Inter-Regular.ttf in Resources */ = {isa = PBXBuildFile; fileRef = FB04399428E617750008D04E /* Inter-Regular.ttf */; };
		FB04399E28E617760008D04E /* Inter-ExtraBold.ttf in Resources */ = {isa = PBXBuildFile; fileRef = FB04399528E617750008D04E /* Inter-ExtraBold.ttf */; };
		FB04399F28E617760008D04E /* Inter-Black.ttf in Resources */ = {isa = PBXBuildFile; fileRef = FB04399628E617750008D04E /* Inter-Black.ttf */; };
		FB0439A028E617760008D04E /* Inter-Medium.ttf in Resources */ = {isa = PBXBuildFile; fileRef = FB04399728E617750008D04E /* Inter-Medium.ttf */; };
		FB0439A128E617760008D04E /* Inter-Thin.ttf in Resources */ = {isa = PBXBuildFile; fileRef = FB04399828E617750008D04E /* Inter-Thin.ttf */; };
		FB0439A228E617760008D04E /* Inter-ExtraLight.ttf in Resources */ = {isa = PBXBuildFile; fileRef = FB04399928E617760008D04E /* Inter-ExtraLight.ttf */; };
/* End PBXBuildFile section */

/* Begin PBXFileReference section */
		FB04395928E603030008D04E /* IEPAM-App.app */ = {isa = PBXFileReference; explicitFileType = wrapper.application; includeInIndex = 0; path = "IEPAM-App.app"; sourceTree = BUILT_PRODUCTS_DIR; };
		FB04395C28E603030008D04E /* IEPAM_AppApp.swift */ = {isa = PBXFileReference; lastKnownFileType = sourcecode.swift; path = IEPAM_AppApp.swift; sourceTree = "<group>"; };
		FB04395E28E603030008D04E /* ContentView.swift */ = {isa = PBXFileReference; lastKnownFileType = sourcecode.swift; path = ContentView.swift; sourceTree = "<group>"; };
		FB04396028E603080008D04E /* Assets.xcassets */ = {isa = PBXFileReference; lastKnownFileType = folder.assetcatalog; path = Assets.xcassets; sourceTree = "<group>"; };
		FB04396328E603080008D04E /* Preview Assets.xcassets */ = {isa = PBXFileReference; lastKnownFileType = folder.assetcatalog; path = "Preview Assets.xcassets"; sourceTree = "<group>"; };
		FB04396528E603080008D04E /* Persistence.swift */ = {isa = PBXFileReference; lastKnownFileType = sourcecode.swift; path = Persistence.swift; sourceTree = "<group>"; };
		FB04396828E603090008D04E /* IEPAM_App.xcdatamodel */ = {isa = PBXFileReference; lastKnownFileType = wrapper.xcdatamodel; path = IEPAM_App.xcdatamodel; sourceTree = "<group>"; };
		FB04396F28E606480008D04E /* Registro.swift */ = {isa = PBXFileReference; lastKnownFileType = sourcecode.swift; path = Registro.swift; sourceTree = "<group>"; };
		FB04397228E60A390008D04E /* RecoletaAlt-SemiBold.ttf */ = {isa = PBXFileReference; lastKnownFileType = file; path = "RecoletaAlt-SemiBold.ttf"; sourceTree = "<group>"; };
		FB04397328E60A390008D04E /* RecoletaAlt-Black.ttf */ = {isa = PBXFileReference; lastKnownFileType = file; path = "RecoletaAlt-Black.ttf"; sourceTree = "<group>"; };
		FB04397428E60A390008D04E /* Recoleta-SemiBold.ttf */ = {isa = PBXFileReference; lastKnownFileType = file; path = "Recoleta-SemiBold.ttf"; sourceTree = "<group>"; };
		FB04397528E60A390008D04E /* RecoletaAlt-Medium.ttf */ = {isa = PBXFileReference; lastKnownFileType = file; path = "RecoletaAlt-Medium.ttf"; sourceTree = "<group>"; };
		FB04397628E60A3A0008D04E /* RecoletaAlt-Thin.ttf */ = {isa = PBXFileReference; lastKnownFileType = file; path = "RecoletaAlt-Thin.ttf"; sourceTree = "<group>"; };
		FB04397728E60A3A0008D04E /* Recoleta-Bold.ttf */ = {isa = PBXFileReference; lastKnownFileType = file; path = "Recoleta-Bold.ttf"; sourceTree = "<group>"; };
		FB04397828E60A3A0008D04E /* Recoleta-Thin.ttf */ = {isa = PBXFileReference; lastKnownFileType = file; path = "Recoleta-Thin.ttf"; sourceTree = "<group>"; };
		FB04397928E60A3A0008D04E /* RecoletaAlt-Regular.ttf */ = {isa = PBXFileReference; lastKnownFileType = file; path = "RecoletaAlt-Regular.ttf"; sourceTree = "<group>"; };
		FB04397A28E60A3A0008D04E /* Recoleta-Medium.ttf */ = {isa = PBXFileReference; lastKnownFileType = file; path = "Recoleta-Medium.ttf"; sourceTree = "<group>"; };
		FB04397B28E60A3A0008D04E /* RecoletaAlt-Light.ttf */ = {isa = PBXFileReference; lastKnownFileType = file; path = "RecoletaAlt-Light.ttf"; sourceTree = "<group>"; };
		FB04397C28E60A3B0008D04E /* RecoletaAlt-Bold.ttf */ = {isa = PBXFileReference; lastKnownFileType = file; path = "RecoletaAlt-Bold.ttf"; sourceTree = "<group>"; };
		FB04397D28E60A3B0008D04E /* Recoleta-Regular.ttf */ = {isa = PBXFileReference; lastKnownFileType = file; path = "Recoleta-Regular.ttf"; sourceTree = "<group>"; };
		FB04397E28E60A3B0008D04E /* Recoleta-Black.ttf */ = {isa = PBXFileReference; lastKnownFileType = file; path = "Recoleta-Black.ttf"; sourceTree = "<group>"; };
		FB04397F28E60A3B0008D04E /* Recoleta-Light.ttf */ = {isa = PBXFileReference; lastKnownFileType = file; path = "Recoleta-Light.ttf"; sourceTree = "<group>"; };
		FB04399028E60F6F0008D04E /* Info.plist */ = {isa = PBXFileReference; lastKnownFileType = text.plist; path = Info.plist; sourceTree = "<group>"; };
		FB04399128E617740008D04E /* Inter-SemiBold.ttf */ = {isa = PBXFileReference; lastKnownFileType = file; path = "Inter-SemiBold.ttf"; sourceTree = "<group>"; };
		FB04399228E617740008D04E /* Inter-Bold.ttf */ = {isa = PBXFileReference; lastKnownFileType = file; path = "Inter-Bold.ttf"; sourceTree = "<group>"; };
		FB04399328E617740008D04E /* Inter-Light.ttf */ = {isa = PBXFileReference; lastKnownFileType = file; path = "Inter-Light.ttf"; sourceTree = "<group>"; };
		FB04399428E617750008D04E /* Inter-Regular.ttf */ = {isa = PBXFileReference; lastKnownFileType = file; path = "Inter-Regular.ttf"; sourceTree = "<group>"; };
		FB04399528E617750008D04E /* Inter-ExtraBold.ttf */ = {isa = PBXFileReference; lastKnownFileType = file; path = "Inter-ExtraBold.ttf"; sourceTree = "<group>"; };
		FB04399628E617750008D04E /* Inter-Black.ttf */ = {isa = PBXFileReference; lastKnownFileType = file; path = "Inter-Black.ttf"; sourceTree = "<group>"; };
		FB04399728E617750008D04E /* Inter-Medium.ttf */ = {isa = PBXFileReference; lastKnownFileType = file; path = "Inter-Medium.ttf"; sourceTree = "<group>"; };
		FB04399828E617750008D04E /* Inter-Thin.ttf */ = {isa = PBXFileReference; lastKnownFileType = file; path = "Inter-Thin.ttf"; sourceTree = "<group>"; };
		FB04399928E617760008D04E /* Inter-ExtraLight.ttf */ = {isa = PBXFileReference; lastKnownFileType = file; path = "Inter-ExtraLight.ttf"; sourceTree = "<group>"; };
/* End PBXFileReference section */

/* Begin PBXFrameworksBuildPhase section */
		FB04395628E603030008D04E /* Frameworks */ = {
			isa = PBXFrameworksBuildPhase;
			buildActionMask = 2147483647;
			files = (
			);
			runOnlyForDeploymentPostprocessing = 0;
		};
/* End PBXFrameworksBuildPhase section */

/* Begin PBXGroup section */
		FB04395028E603030008D04E = {
			isa = PBXGroup;
			children = (
				FB04395B28E603030008D04E /* IEPAM-App */,
				FB04395A28E603030008D04E /* Products */,
			);
			sourceTree = "<group>";
		};
		FB04395A28E603030008D04E /* Products */ = {
			isa = PBXGroup;
			children = (
				FB04395928E603030008D04E /* IEPAM-App.app */,
			);
			name = Products;
			sourceTree = "<group>";
		};
		FB04395B28E603030008D04E /* IEPAM-App */ = {
			isa = PBXGroup;
			children = (
				FB04399028E60F6F0008D04E /* Info.plist */,
				FB04397128E609250008D04E /* Fonts */,
				FB04395C28E603030008D04E /* IEPAM_AppApp.swift */,
				FB04395E28E603030008D04E /* ContentView.swift */,
				FB04396F28E606480008D04E /* Registro.swift */,
				FB04396028E603080008D04E /* Assets.xcassets */,
				FB04396528E603080008D04E /* Persistence.swift */,
				FB04396728E603090008D04E /* IEPAM_App.xcdatamodeld */,
				FB04396228E603080008D04E /* Preview Content */,
			);
			path = "IEPAM-App";
			sourceTree = "<group>";
		};
		FB04396228E603080008D04E /* Preview Content */ = {
			isa = PBXGroup;
			children = (
				FB04396328E603080008D04E /* Preview Assets.xcassets */,
			);
			path = "Preview Content";
			sourceTree = "<group>";
		};
		FB04397128E609250008D04E /* Fonts */ = {
			isa = PBXGroup;
			children = (
				FB04399628E617750008D04E /* Inter-Black.ttf */,
				FB04399228E617740008D04E /* Inter-Bold.ttf */,
				FB04399528E617750008D04E /* Inter-ExtraBold.ttf */,
				FB04399928E617760008D04E /* Inter-ExtraLight.ttf */,
				FB04399328E617740008D04E /* Inter-Light.ttf */,
				FB04399728E617750008D04E /* Inter-Medium.ttf */,
				FB04399428E617750008D04E /* Inter-Regular.ttf */,
				FB04399128E617740008D04E /* Inter-SemiBold.ttf */,
				FB04399828E617750008D04E /* Inter-Thin.ttf */,
				FB04397E28E60A3B0008D04E /* Recoleta-Black.ttf */,
				FB04397728E60A3A0008D04E /* Recoleta-Bold.ttf */,
				FB04397F28E60A3B0008D04E /* Recoleta-Light.ttf */,
				FB04397A28E60A3A0008D04E /* Recoleta-Medium.ttf */,
				FB04397D28E60A3B0008D04E /* Recoleta-Regular.ttf */,
				FB04397428E60A390008D04E /* Recoleta-SemiBold.ttf */,
				FB04397828E60A3A0008D04E /* Recoleta-Thin.ttf */,
				FB04397328E60A390008D04E /* RecoletaAlt-Black.ttf */,
				FB04397C28E60A3B0008D04E /* RecoletaAlt-Bold.ttf */,
				FB04397B28E60A3A0008D04E /* RecoletaAlt-Light.ttf */,
				FB04397528E60A390008D04E /* RecoletaAlt-Medium.ttf */,
				FB04397928E60A3A0008D04E /* RecoletaAlt-Regular.ttf */,
				FB04397228E60A390008D04E /* RecoletaAlt-SemiBold.ttf */,
				FB04397628E60A3A0008D04E /* RecoletaAlt-Thin.ttf */,
			);
			path = Fonts;
			sourceTree = "<group>";
		};
/* End PBXGroup section */

/* Begin PBXNativeTarget section */
		FB04395828E603030008D04E /* IEPAM-App */ = {
			isa = PBXNativeTarget;
			buildConfigurationList = FB04396C28E603090008D04E /* Build configuration list for PBXNativeTarget "IEPAM-App" */;
			buildPhases = (
				FB04395528E603030008D04E /* Sources */,
				FB04395628E603030008D04E /* Frameworks */,
				FB04395728E603030008D04E /* Resources */,
			);
			buildRules = (
			);
			dependencies = (
			);
			name = "IEPAM-App";
			productName = "IEPAM-App";
			productReference = FB04395928E603030008D04E /* IEPAM-App.app */;
			productType = "com.apple.product-type.application";
		};
/* End PBXNativeTarget section */

/* Begin PBXProject section */
		FB04395128E603030008D04E /* Project object */ = {
			isa = PBXProject;
			attributes = {
				BuildIndependentTargetsInParallel = 1;
				LastSwiftUpdateCheck = 1400;
				LastUpgradeCheck = 1400;
				TargetAttributes = {
					FB04395828E603030008D04E = {
						CreatedOnToolsVersion = 14.0;
					};
				};
			};
			buildConfigurationList = FB04395428E603030008D04E /* Build configuration list for PBXProject "IEPAM-App" */;
			compatibilityVersion = "Xcode 14.0";
			developmentRegion = en;
			hasScannedForEncodings = 0;
			knownRegions = (
				en,
				Base,
			);
			mainGroup = FB04395028E603030008D04E;
			productRefGroup = FB04395A28E603030008D04E /* Products */;
			projectDirPath = "";
			projectRoot = "";
			targets = (
				FB04395828E603030008D04E /* IEPAM-App */,
			);
		};
/* End PBXProject section */

/* Begin PBXResourcesBuildPhase section */
		FB04395728E603030008D04E /* Resources */ = {
			isa = PBXResourcesBuildPhase;
			buildActionMask = 2147483647;
			files = (
				FB04399A28E617760008D04E /* Inter-SemiBold.ttf in Resources */,
				FB04398A28E60A3B0008D04E /* RecoletaAlt-Bold.ttf in Resources */,
				FB04398428E60A3B0008D04E /* RecoletaAlt-Thin.ttf in Resources */,
				FB04398D28E60A3B0008D04E /* Recoleta-Light.ttf in Resources */,
				FB04399C28E617760008D04E /* Inter-Light.ttf in Resources */,
				FB04398228E60A3B0008D04E /* Recoleta-SemiBold.ttf in Resources */,
				FB0439A228E617760008D04E /* Inter-ExtraLight.ttf in Resources */,
				FB04399D28E617760008D04E /* Inter-Regular.ttf in Resources */,
				FB04398728E60A3B0008D04E /* RecoletaAlt-Regular.ttf in Resources */,
				FB04398528E60A3B0008D04E /* Recoleta-Bold.ttf in Resources */,
				FB04398828E60A3B0008D04E /* Recoleta-Medium.ttf in Resources */,
				FB04398628E60A3B0008D04E /* Recoleta-Thin.ttf in Resources */,
				FB04398028E60A3B0008D04E /* RecoletaAlt-SemiBold.ttf in Resources */,
				FB04398C28E60A3B0008D04E /* Recoleta-Black.ttf in Resources */,
				FB04398328E60A3B0008D04E /* RecoletaAlt-Medium.ttf in Resources */,
				FB04399B28E617760008D04E /* Inter-Bold.ttf in Resources */,
				FB0439A028E617760008D04E /* Inter-Medium.ttf in Resources */,
				FB04396428E603080008D04E /* Preview Assets.xcassets in Resources */,
				FB04398B28E60A3B0008D04E /* Recoleta-Regular.ttf in Resources */,
				FB04399F28E617760008D04E /* Inter-Black.ttf in Resources */,
				FB04399E28E617760008D04E /* Inter-ExtraBold.ttf in Resources */,
				FB0439A128E617760008D04E /* Inter-Thin.ttf in Resources */,
				FB04396128E603080008D04E /* Assets.xcassets in Resources */,
				FB04398928E60A3B0008D04E /* RecoletaAlt-Light.ttf in Resources */,
				FB04398128E60A3B0008D04E /* RecoletaAlt-Black.ttf in Resources */,
			);
			runOnlyForDeploymentPostprocessing = 0;
		};
/* End PBXResourcesBuildPhase section */

/* Begin PBXSourcesBuildPhase section */
		FB04395528E603030008D04E /* Sources */ = {
			isa = PBXSourcesBuildPhase;
			buildActionMask = 2147483647;
			files = (
				FB04396628E603080008D04E /* Persistence.swift in Sources */,
				FB04395F28E603030008D04E /* ContentView.swift in Sources */,
				FB04396928E603090008D04E /* IEPAM_App.xcdatamodeld in Sources */,
				FB04397028E606480008D04E /* Registro.swift in Sources */,
				FB04395D28E603030008D04E /* IEPAM_AppApp.swift in Sources */,
			);
			runOnlyForDeploymentPostprocessing = 0;
		};
/* End PBXSourcesBuildPhase section */

/* Begin XCBuildConfiguration section */
		FB04396A28E603090008D04E /* Debug */ = {
			isa = XCBuildConfiguration;
			buildSettings = {
				ALWAYS_SEARCH_USER_PATHS = NO;
				CLANG_ANALYZER_NONNULL = YES;
				CLANG_ANALYZER_NUMBER_OBJECT_CONVERSION = YES_AGGRESSIVE;
				CLANG_CXX_LANGUAGE_STANDARD = "gnu++20";
				CLANG_ENABLE_MODULES = YES;
				CLANG_ENABLE_OBJC_ARC = YES;
				CLANG_ENABLE_OBJC_WEAK = YES;
				CLANG_WARN_BLOCK_CAPTURE_AUTORELEASING = YES;
				CLANG_WARN_BOOL_CONVERSION = YES;
				CLANG_WARN_COMMA = YES;
				CLANG_WARN_CONSTANT_CONVERSION = YES;
				CLANG_WARN_DEPRECATED_OBJC_IMPLEMENTATIONS = YES;
				CLANG_WARN_DIRECT_OBJC_ISA_USAGE = YES_ERROR;
				CLANG_WARN_DOCUMENTATION_COMMENTS = YES;
				CLANG_WARN_EMPTY_BODY = YES;
				CLANG_WARN_ENUM_CONVERSION = YES;
				CLANG_WARN_INFINITE_RECURSION = YES;
				CLANG_WARN_INT_CONVERSION = YES;
				CLANG_WARN_NON_LITERAL_NULL_CONVERSION = YES;
				CLANG_WARN_OBJC_IMPLICIT_RETAIN_SELF = YES;
				CLANG_WARN_OBJC_LITERAL_CONVERSION = YES;
				CLANG_WARN_OBJC_ROOT_CLASS = YES_ERROR;
				CLANG_WARN_QUOTED_INCLUDE_IN_FRAMEWORK_HEADER = YES;
				CLANG_WARN_RANGE_LOOP_ANALYSIS = YES;
				CLANG_WARN_STRICT_PROTOTYPES = YES;
				CLANG_WARN_SUSPICIOUS_MOVE = YES;
				CLANG_WARN_UNGUARDED_AVAILABILITY = YES_AGGRESSIVE;
				CLANG_WARN_UNREACHABLE_CODE = YES;
				CLANG_WARN__DUPLICATE_METHOD_MATCH = YES;
				COPY_PHASE_STRIP = NO;
				DEBUG_INFORMATION_FORMAT = dwarf;
				ENABLE_STRICT_OBJC_MSGSEND = YES;
				ENABLE_TESTABILITY = YES;
				GCC_C_LANGUAGE_STANDARD = gnu11;
				GCC_DYNAMIC_NO_PIC = NO;
				GCC_NO_COMMON_BLOCKS = YES;
				GCC_OPTIMIZATION_LEVEL = 0;
				GCC_PREPROCESSOR_DEFINITIONS = (
					"DEBUG=1",
					"$(inherited)",
				);
				GCC_WARN_64_TO_32_BIT_CONVERSION = YES;
				GCC_WARN_ABOUT_RETURN_TYPE = YES_ERROR;
				GCC_WARN_UNDECLARED_SELECTOR = YES;
				GCC_WARN_UNINITIALIZED_AUTOS = YES_AGGRESSIVE;
				GCC_WARN_UNUSED_FUNCTION = YES;
				GCC_WARN_UNUSED_VARIABLE = YES;
				IPHONEOS_DEPLOYMENT_TARGET = 16.0;
				MTL_ENABLE_DEBUG_INFO = INCLUDE_SOURCE;
				MTL_FAST_MATH = YES;
				ONLY_ACTIVE_ARCH = YES;
				SDKROOT = iphoneos;
				SWIFT_ACTIVE_COMPILATION_CONDITIONS = DEBUG;
				SWIFT_OPTIMIZATION_LEVEL = "-Onone";
			};
			name = Debug;
		};
		FB04396B28E603090008D04E /* Release */ = {
			isa = XCBuildConfiguration;
			buildSettings = {
				ALWAYS_SEARCH_USER_PATHS = NO;
				CLANG_ANALYZER_NONNULL = YES;
				CLANG_ANALYZER_NUMBER_OBJECT_CONVERSION = YES_AGGRESSIVE;
				CLANG_CXX_LANGUAGE_STANDARD = "gnu++20";
				CLANG_ENABLE_MODULES = YES;
				CLANG_ENABLE_OBJC_ARC = YES;
				CLANG_ENABLE_OBJC_WEAK = YES;
				CLANG_WARN_BLOCK_CAPTURE_AUTORELEASING = YES;
				CLANG_WARN_BOOL_CONVERSION = YES;
				CLANG_WARN_COMMA = YES;
				CLANG_WARN_CONSTANT_CONVERSION = YES;
				CLANG_WARN_DEPRECATED_OBJC_IMPLEMENTATIONS = YES;
				CLANG_WARN_DIRECT_OBJC_ISA_USAGE = YES_ERROR;
				CLANG_WARN_DOCUMENTATION_COMMENTS = YES;
				CLANG_WARN_EMPTY_BODY = YES;
				CLANG_WARN_ENUM_CONVERSION = YES;
				CLANG_WARN_INFINITE_RECURSION = YES;
				CLANG_WARN_INT_CONVERSION = YES;
				CLANG_WARN_NON_LITERAL_NULL_CONVERSION = YES;
				CLANG_WARN_OBJC_IMPLICIT_RETAIN_SELF = YES;
				CLANG_WARN_OBJC_LITERAL_CONVERSION = YES;
				CLANG_WARN_OBJC_ROOT_CLASS = YES_ERROR;
				CLANG_WARN_QUOTED_INCLUDE_IN_FRAMEWORK_HEADER = YES;
				CLANG_WARN_RANGE_LOOP_ANALYSIS = YES;
				CLANG_WARN_STRICT_PROTOTYPES = YES;
				CLANG_WARN_SUSPICIOUS_MOVE = YES;
				CLANG_WARN_UNGUARDED_AVAILABILITY = YES_AGGRESSIVE;
				CLANG_WARN_UNREACHABLE_CODE = YES;
				CLANG_WARN__DUPLICATE_METHOD_MATCH = YES;
				COPY_PHASE_STRIP = NO;
				DEBUG_INFORMATION_FORMAT = "dwarf-with-dsym";
				ENABLE_NS_ASSERTIONS = NO;
				ENABLE_STRICT_OBJC_MSGSEND = YES;
				GCC_C_LANGUAGE_STANDARD = gnu11;
				GCC_NO_COMMON_BLOCKS = YES;
				GCC_WARN_64_TO_32_BIT_CONVERSION = YES;
				GCC_WARN_ABOUT_RETURN_TYPE = YES_ERROR;
				GCC_WARN_UNDECLARED_SELECTOR = YES;
				GCC_WARN_UNINITIALIZED_AUTOS = YES_AGGRESSIVE;
				GCC_WARN_UNUSED_FUNCTION = YES;
				GCC_WARN_UNUSED_VARIABLE = YES;
				IPHONEOS_DEPLOYMENT_TARGET = 16.0;
				MTL_ENABLE_DEBUG_INFO = NO;
				MTL_FAST_MATH = YES;
				SDKROOT = iphoneos;
				SWIFT_COMPILATION_MODE = wholemodule;
				SWIFT_OPTIMIZATION_LEVEL = "-O";
				VALIDATE_PRODUCT = YES;
			};
			name = Release;
		};
		FB04396D28E603090008D04E /* Debug */ = {
			isa = XCBuildConfiguration;
			buildSettings = {
				ASSETCATALOG_COMPILER_APPICON_NAME = AppIcon;
				ASSETCATALOG_COMPILER_GLOBAL_ACCENT_COLOR_NAME = AccentColor;
				CODE_SIGN_STYLE = Automatic;
				CURRENT_PROJECT_VERSION = 1;
				DEVELOPMENT_ASSET_PATHS = "\"IEPAM-App/Preview Content\"";
				ENABLE_PREVIEWS = YES;
				GENERATE_INFOPLIST_FILE = YES;
				INFOPLIST_FILE = "IEPAM-App/Info.plist";
				INFOPLIST_KEY_UIApplicationSceneManifest_Generation = YES;
				INFOPLIST_KEY_UIApplicationSupportsIndirectInputEvents = YES;
				INFOPLIST_KEY_UISupportedInterfaceOrientations_iPad = "UIInterfaceOrientationPortrait UIInterfaceOrientationPortraitUpsideDown UIInterfaceOrientationLandscapeLeft UIInterfaceOrientationLandscapeRight";
				INFOPLIST_KEY_UISupportedInterfaceOrientations_iPhone = "UIInterfaceOrientationPortrait UIInterfaceOrientationLandscapeLeft UIInterfaceOrientationLandscapeRight";
				LD_RUNPATH_SEARCH_PATHS = (
					"$(inherited)",
					"@executable_path/Frameworks",
				);
				MARKETING_VERSION = 1.0;
				PRODUCT_BUNDLE_IDENTIFIER = "Equipo3.IEPAM-App";
				PRODUCT_NAME = "$(TARGET_NAME)";
				SWIFT_EMIT_LOC_STRINGS = YES;
				SWIFT_VERSION = 5.0;
				TARGETED_DEVICE_FAMILY = "1,2";
			};
			name = Debug;
		};
		FB04396E28E603090008D04E /* Release */ = {
			isa = XCBuildConfiguration;
			buildSettings = {
				ASSETCATALOG_COMPILER_APPICON_NAME = AppIcon;
				ASSETCATALOG_COMPILER_GLOBAL_ACCENT_COLOR_NAME = AccentColor;
				CODE_SIGN_STYLE = Automatic;
				CURRENT_PROJECT_VERSION = 1;
				DEVELOPMENT_ASSET_PATHS = "\"IEPAM-App/Preview Content\"";
				ENABLE_PREVIEWS = YES;
				GENERATE_INFOPLIST_FILE = YES;
				INFOPLIST_FILE = "IEPAM-App/Info.plist";
				INFOPLIST_KEY_UIApplicationSceneManifest_Generation = YES;
				INFOPLIST_KEY_UIApplicationSupportsIndirectInputEvents = YES;
				INFOPLIST_KEY_UISupportedInterfaceOrientations_iPad = "UIInterfaceOrientationPortrait UIInterfaceOrientationPortraitUpsideDown UIInterfaceOrientationLandscapeLeft UIInterfaceOrientationLandscapeRight";
				INFOPLIST_KEY_UISupportedInterfaceOrientations_iPhone = "UIInterfaceOrientationPortrait UIInterfaceOrientationLandscapeLeft UIInterfaceOrientationLandscapeRight";
				LD_RUNPATH_SEARCH_PATHS = (
					"$(inherited)",
					"@executable_path/Frameworks",
				);
				MARKETING_VERSION = 1.0;
				PRODUCT_BUNDLE_IDENTIFIER = "Equipo3.IEPAM-App";
				PRODUCT_NAME = "$(TARGET_NAME)";
				SWIFT_EMIT_LOC_STRINGS = YES;
				SWIFT_VERSION = 5.0;
				TARGETED_DEVICE_FAMILY = "1,2";
			};
			name = Release;
		};
/* End XCBuildConfiguration section */

/* Begin XCConfigurationList section */
		FB04395428E603030008D04E /* Build configuration list for PBXProject "IEPAM-App" */ = {
			isa = XCConfigurationList;
			buildConfigurations = (
				FB04396A28E603090008D04E /* Debug */,
				FB04396B28E603090008D04E /* Release */,
			);
			defaultConfigurationIsVisible = 0;
			defaultConfigurationName = Release;
		};
		FB04396C28E603090008D04E /* Build configuration list for PBXNativeTarget "IEPAM-App" */ = {
			isa = XCConfigurationList;
			buildConfigurations = (
				FB04396D28E603090008D04E /* Debug */,
				FB04396E28E603090008D04E /* Release */,
			);
			defaultConfigurationIsVisible = 0;
			defaultConfigurationName = Release;
		};
/* End XCConfigurationList section */

/* Begin XCVersionGroup section */
		FB04396728E603090008D04E /* IEPAM_App.xcdatamodeld */ = {
			isa = XCVersionGroup;
			children = (
				FB04396828E603090008D04E /* IEPAM_App.xcdatamodel */,
			);
			currentVersion = FB04396828E603090008D04E /* IEPAM_App.xcdatamodel */;
			path = IEPAM_App.xcdatamodeld;
			sourceTree = "<group>";
			versionGroupType = wrapper.xcdatamodel;
		};
/* End XCVersionGroup section */
	};
	rootObject = FB04395128E603030008D04E /* Project object */;
}
